
Microsoft Visual Studio Solution File, Format Version 12.00
# Visual Studio Version 17
VisualStudioVersion = 17.2.32516.85
MinimumVisualStudioVersion = 10.0.40219.1
Project("{FAE04EC0-301F-11D3-BF4B-00C04F79EFBC}") = "TreesHW", "TreesHW\TreesHW.csproj", "{6DD4ED0E-CE7D-4C71-9A49-F56A8DD29E6D}"
EndProject
Global
	GlobalSection(SolutionConfigurationPlatforms) = preSolution
		Debug|Any CPU = Debug|Any CPU
		Release|Any CPU = Release|Any CPU
	EndGlobalSection
	GlobalSection(ProjectConfigurationPlatforms) = postSolution
		{6DD4ED0E-CE7D-4C71-9A49-F56A8DD29E6D}.Debug|Any CPU.ActiveCfg = Debug|Any CPU
		{6DD4ED0E-CE7D-4C71-9A49-F56A8DD29E6D}.Debug|Any CPU.Build.0 = Debug|Any CPU
		{6DD4ED0E-CE7D-4C71-9A49-F56A8DD29E6D}.Release|Any CPU.ActiveCfg = Release|Any CPU
		{6DD4ED0E-CE7D-4C71-9A49-F56A8DD29E6D}.Release|Any CPU.Build.0 = Release|Any CPU
	EndGlobalSection
	GlobalSection(SolutionProperties) = preSolution
		HideSolutionNode = FALSE
	EndGlobalSection
	GlobalSection(ExtensibilityGlobals) = postSolution
		SolutionGuid = {C20B9E3C-A21B-4E5E-AC62-8A2338615142}
	EndGlobalSection
EndGlobal
